
Microsoft Visual Studio Solution File, Format Version 12.00
# Visual Studio Version 17
VisualStudioVersion = 17.0.31903.59
MinimumVisualStudioVersion = 10.0.40219.1
Project("{9A19103F-16F7-4668-BE54-9A1E7A4F7556}") = "SaysanPwa.Api", "SaysanPwa.Api\SaysanPwa.Api.csproj", "{693E26C3-1455-4756-8863-29AEBB39FE60}"
EndProject
Project("{9A19103F-16F7-4668-BE54-9A1E7A4F7556}") = "SaysanPwa.Application", "SaysanPwa.Application\SaysanPwa.Application.csproj", "{A4429E20-8C97-4179-B0C1-298C05A2AD42}"
EndProject
Project("{9A19103F-16F7-4668-BE54-9A1E7A4F7556}") = "SaysanPwa.Domain", "SaysanPwa.Domain\SaysanPwa.Domain.csproj", "{A29FE6B7-7871-42BB-B93C-54F1DF43CCD9}"
EndProject
Project("{9A19103F-16F7-4668-BE54-9A1E7A4F7556}") = "SaysanPwa.Infrastructure", "SaysanPwa.Infrastructure\SaysanPwa.Infrastructure.csproj", "{71527AB3-BB72-4C7F-9CCE-7BD4DD425C80}"
EndProject
Global
	GlobalSection(SolutionConfigurationPlatforms) = preSolution
		Debug|Any CPU = Debug|Any CPU
		Release|Any CPU = Release|Any CPU
	EndGlobalSection
	GlobalSection(ProjectConfigurationPlatforms) = postSolution
		{693E26C3-1455-4756-8863-29AEBB39FE60}.Debug|Any CPU.ActiveCfg = Debug|Any CPU
		{693E26C3-1455-4756-8863-29AEBB39FE60}.Debug|Any CPU.Build.0 = Debug|Any CPU
		{693E26C3-1455-4756-8863-29AEBB39FE60}.Release|Any CPU.ActiveCfg = Release|Any CPU
		{693E26C3-1455-4756-8863-29AEBB39FE60}.Release|Any CPU.Build.0 = Release|Any CPU
		{A4429E20-8C97-4179-B0C1-298C05A2AD42}.Debug|Any CPU.ActiveCfg = Debug|Any CPU
		{A4429E20-8C97-4179-B0C1-298C05A2AD42}.Debug|Any CPU.Build.0 = Debug|Any CPU
		{A4429E20-8C97-4179-B0C1-298C05A2AD42}.Release|Any CPU.ActiveCfg = Release|Any CPU
		{A4429E20-8C97-4179-B0C1-298C05A2AD42}.Release|Any CPU.Build.0 = Release|Any CPU
		{A29FE6B7-7871-42BB-B93C-54F1DF43CCD9}.Debug|Any CPU.ActiveCfg = Debug|Any CPU
		{A29FE6B7-7871-42BB-B93C-54F1DF43CCD9}.Debug|Any CPU.Build.0 = Debug|Any CPU
		{A29FE6B7-7871-42BB-B93C-54F1DF43CCD9}.Release|Any CPU.ActiveCfg = Release|Any CPU
		{A29FE6B7-7871-42BB-B93C-54F1DF43CCD9}.Release|Any CPU.Build.0 = Release|Any CPU
		{71527AB3-BB72-4C7F-9CCE-7BD4DD425C80}.Debug|Any CPU.ActiveCfg = Debug|Any CPU
		{71527AB3-BB72-4C7F-9CCE-7BD4DD425C80}.Debug|Any CPU.Build.0 = Debug|Any CPU
		{71527AB3-BB72-4C7F-9CCE-7BD4DD425C80}.Release|Any CPU.ActiveCfg = Release|Any CPU
		{71527AB3-BB72-4C7F-9CCE-7BD4DD425C80}.Release|Any CPU.Build.0 = Release|Any CPU
	EndGlobalSection
	GlobalSection(SolutionProperties) = preSolution
		HideSolutionNode = FALSE
	EndGlobalSection
	GlobalSection(ExtensibilityGlobals) = postSolution
		SolutionGuid = {4E336A90-8B89-4C92-A400-893B5E8AE252}
	EndGlobalSection
EndGlobal
